
Microsoft Visual Studio Solution File, Format Version 12.00
# Visual Studio Version 17
VisualStudioVersion = 17.8.34330.188
MinimumVisualStudioVersion = 10.0.40219.1
Project("{FAE04EC0-301F-11D3-BF4B-00C04F79EFBC}") = "WinFormsApp1_x", "WinFormsApp1_x\WinFormsApp1_x.csproj", "{5E713A28-A201-4993-9156-89F87D1D3D67}"
EndProject
Global
	GlobalSection(SolutionConfigurationPlatforms) = preSolution
		Debug|Any CPU = Debug|Any CPU
		Release|Any CPU = Release|Any CPU
	EndGlobalSection
	GlobalSection(ProjectConfigurationPlatforms) = postSolution
		{5E713A28-A201-4993-9156-89F87D1D3D67}.Debug|Any CPU.ActiveCfg = Debug|Any CPU
		{5E713A28-A201-4993-9156-89F87D1D3D67}.Debug|Any CPU.Build.0 = Debug|Any CPU
		{5E713A28-A201-4993-9156-89F87D1D3D67}.Release|Any CPU.ActiveCfg = Release|Any CPU
		{5E713A28-A201-4993-9156-89F87D1D3D67}.Release|Any CPU.Build.0 = Release|Any CPU
	EndGlobalSection
	GlobalSection(SolutionProperties) = preSolution
		HideSolutionNode = FALSE
	EndGlobalSection
	GlobalSection(ExtensibilityGlobals) = postSolution
		SolutionGuid = {57D2219C-865E-48EE-A515-2427F67C550C}
	EndGlobalSection
EndGlobal
